
Microsoft Visual Studio Solution File, Format Version 12.00
# Visual Studio Version 16
VisualStudioVersion = 16.0.28803.202
MinimumVisualStudioVersion = 10.0.40219.1
Project("{FAE04EC0-301F-11D3-BF4B-00C04F79EFBC}") = "WPFCalculator", "WPFCalculator.csproj", "{98D3423C-121D-4201-88BF-C01591490747}"
EndProject
Global
	GlobalSection(SolutionConfigurationPlatforms) = preSolution
		Debug|Any CPU = Debug|Any CPU
		Release|Any CPU = Release|Any CPU
	EndGlobalSection
	GlobalSection(ProjectConfigurationPlatforms) = postSolution
		{98D3423C-121D-4201-88BF-C01591490747}.Debug|Any CPU.ActiveCfg = Debug|Any CPU
		{98D3423C-121D-4201-88BF-C01591490747}.Debug|Any CPU.Build.0 = Debug|Any CPU
		{98D3423C-121D-4201-88BF-C01591490747}.Release|Any CPU.ActiveCfg = Release|Any CPU
		{98D3423C-121D-4201-88BF-C01591490747}.Release|Any CPU.Build.0 = Release|Any CPU
	EndGlobalSection
	GlobalSection(SolutionProperties) = preSolution
		HideSolutionNode = FALSE
	EndGlobalSection
	GlobalSection(ExtensibilityGlobals) = postSolution
		SolutionGuid = {D960E71D-A9BE-44B8-8D0B-008463B64BC3}
	EndGlobalSection
EndGlobal
